// !$*UTF8*$!
{
	archiveVersion = 1;
	classes = {
	};
	objectVersion = 50;
	objects = {

/* Begin PBXBuildFile section */
		1CEC12ED23E47F2A001391BF /* AppDelegate.swift in Sources */ = {isa = PBXBuildFile; fileRef = 1CEC12EC23E47F2A001391BF /* AppDelegate.swift */; };
		1CEC12EF23E47F2A001391BF /* SceneDelegate.swift in Sources */ = {isa = PBXBuildFile; fileRef = 1CEC12EE23E47F2A001391BF /* SceneDelegate.swift */; };
		1CEC12F123E47F2A001391BF /* ContentView.swift in Sources */ = {isa = PBXBuildFile; fileRef = 1CEC12F023E47F2A001391BF /* ContentView.swift */; };
		1CEC12F323E47F2B001391BF /* Assets.xcassets in Resources */ = {isa = PBXBuildFile; fileRef = 1CEC12F223E47F2B001391BF /* Assets.xcassets */; };
		1CEC12F623E47F2B001391BF /* Preview Assets.xcassets in Resources */ = {isa = PBXBuildFile; fileRef = 1CEC12F523E47F2B001391BF /* Preview Assets.xcassets */; };
		1CEC12F923E47F2B001391BF /* LaunchScreen.storyboard in Resources */ = {isa = PBXBuildFile; fileRef = 1CEC12F723E47F2B001391BF /* LaunchScreen.storyboard */; };
		1CEC130423E47F2C001391BF /* iDineTests.swift in Sources */ = {isa = PBXBuildFile; fileRef = 1CEC130323E47F2C001391BF /* iDineTests.swift */; };
		1CEC130F23E47F2C001391BF /* iDineUITests.swift in Sources */ = {isa = PBXBuildFile; fileRef = 1CEC130E23E47F2C001391BF /* iDineUITests.swift */; };
		1CEC131D23E47FD2001391BF /* Helper.swift in Sources */ = {isa = PBXBuildFile; fileRef = 1CEC131C23E47FD2001391BF /* Helper.swift */; };
		1CEC132023E48019001391BF /* Menu.swift in Sources */ = {isa = PBXBuildFile; fileRef = 1CEC131E23E48019001391BF /* Menu.swift */; };
		1CEC132123E48019001391BF /* Order.swift in Sources */ = {isa = PBXBuildFile; fileRef = 1CEC131F23E48019001391BF /* Order.swift */; };
		1CEC132323E4803E001391BF /* menu.json in Resources */ = {isa = PBXBuildFile; fileRef = 1CEC132223E4803E001391BF /* menu.json */; };
/* End PBXBuildFile section */

/* Begin PBXContainerItemProxy section */
		1CEC130023E47F2C001391BF /* PBXContainerItemProxy */ = {
			isa = PBXContainerItemProxy;
			containerPortal = 1CEC12E123E47F2A001391BF /* Project object */;
			proxyType = 1;
			remoteGlobalIDString = 1CEC12E823E47F2A001391BF;
			remoteInfo = iDine;
		};
		1CEC130B23E47F2C001391BF /* PBXContainerItemProxy */ = {
			isa = PBXContainerItemProxy;
			containerPortal = 1CEC12E123E47F2A001391BF /* Project object */;
			proxyType = 1;
			remoteGlobalIDString = 1CEC12E823E47F2A001391BF;
			remoteInfo = iDine;
		};
/* End PBXContainerItemProxy section */

/* Begin PBXFileReference section */
		1CEC12E923E47F2A001391BF /* iDine.app */ = {isa = PBXFileReference; explicitFileType = wrapper.application; includeInIndex = 0; path = iDine.app; sourceTree = BUILT_PRODUCTS_DIR; };
		1CEC12EC23E47F2A001391BF /* AppDelegate.swift */ = {isa = PBXFileReference; lastKnownFileType = sourcecode.swift; path = AppDelegate.swift; sourceTree = "<group>"; };
		1CEC12EE23E47F2A001391BF /* SceneDelegate.swift */ = {isa = PBXFileReference; lastKnownFileType = sourcecode.swift; path = SceneDelegate.swift; sourceTree = "<group>"; };
		1CEC12F023E47F2A001391BF /* ContentView.swift */ = {isa = PBXFileReference; lastKnownFileType = sourcecode.swift; path = ContentView.swift; sourceTree = "<group>"; };
		1CEC12F223E47F2B001391BF /* Assets.xcassets */ = {isa = PBXFileReference; lastKnownFileType = folder.assetcatalog; path = Assets.xcassets; sourceTree = "<group>"; };
		1CEC12F523E47F2B001391BF /* Preview Assets.xcassets */ = {isa = PBXFileReference; lastKnownFileType = folder.assetcatalog; path = "Preview Assets.xcassets"; sourceTree = "<group>"; };
		1CEC12F823E47F2B001391BF /* Base */ = {isa = PBXFileReference; lastKnownFileType = file.storyboard; name = Base; path = Base.lproj/LaunchScreen.storyboard; sourceTree = "<group>"; };
		1CEC12FA23E47F2B001391BF /* Info.plist */ = {isa = PBXFileReference; lastKnownFileType = text.plist.xml; path = Info.plist; sourceTree = "<group>"; };
		1CEC12FF23E47F2C001391BF /* iDineTests.xctest */ = {isa = PBXFileReference; explicitFileType = wrapper.cfbundle; includeInIndex = 0; path = iDineTests.xctest; sourceTree = BUILT_PRODUCTS_DIR; };
		1CEC130323E47F2C001391BF /* iDineTests.swift */ = {isa = PBXFileReference; lastKnownFileType = sourcecode.swift; path = iDineTests.swift; sourceTree = "<group>"; };
		1CEC130523E47F2C001391BF /* Info.plist */ = {isa = PBXFileReference; lastKnownFileType = text.plist.xml; path = Info.plist; sourceTree = "<group>"; };
		1CEC130A23E47F2C001391BF /* iDineUITests.xctest */ = {isa = PBXFileReference; explicitFileType = wrapper.cfbundle; includeInIndex = 0; path = iDineUITests.xctest; sourceTree = BUILT_PRODUCTS_DIR; };
		1CEC130E23E47F2C001391BF /* iDineUITests.swift */ = {isa = PBXFileReference; lastKnownFileType = sourcecode.swift; path = iDineUITests.swift; sourceTree = "<group>"; };
		1CEC131023E47F2C001391BF /* Info.plist */ = {isa = PBXFileReference; lastKnownFileType = text.plist.xml; path = Info.plist; sourceTree = "<group>"; };
		1CEC131C23E47FD2001391BF /* Helper.swift */ = {isa = PBXFileReference; fileEncoding = 4; lastKnownFileType = sourcecode.swift; path = Helper.swift; sourceTree = "<group>"; };
		1CEC131E23E48019001391BF /* Menu.swift */ = {isa = PBXFileReference; fileEncoding = 4; lastKnownFileType = sourcecode.swift; path = Menu.swift; sourceTree = "<group>"; };
		1CEC131F23E48019001391BF /* Order.swift */ = {isa = PBXFileReference; fileEncoding = 4; lastKnownFileType = sourcecode.swift; path = Order.swift; sourceTree = "<group>"; };
		1CEC132223E4803E001391BF /* menu.json */ = {isa = PBXFileReference; fileEncoding = 4; lastKnownFileType = text.json; path = menu.json; sourceTree = "<group>"; };
/* End PBXFileReference section */

/* Begin PBXFrameworksBuildPhase section */
		1CEC12E623E47F2A001391BF /* Frameworks */ = {
			isa = PBXFrameworksBuildPhase;
			buildActionMask = 2147483647;
			files = (
			);
			runOnlyForDeploymentPostprocessing = 0;
		};
		1CEC12FC23E47F2C001391BF /* Frameworks */ = {
			isa = PBXFrameworksBuildPhase;
			buildActionMask = 2147483647;
			files = (
			);
			runOnlyForDeploymentPostprocessing = 0;
		};
		1CEC130723E47F2C001391BF /* Frameworks */ = {
			isa = PBXFrameworksBuildPhase;
			buildActionMask = 2147483647;
			files = (
			);
			runOnlyForDeploymentPostprocessing = 0;
		};
/* End PBXFrameworksBuildPhase section */

/* Begin PBXGroup section */
		1CEC12E023E47F2A001391BF = {
			isa = PBXGroup;
			children = (
				1CEC12EB23E47F2A001391BF /* iDine */,
				1CEC130223E47F2C001391BF /* iDineTests */,
				1CEC130D23E47F2C001391BF /* iDineUITests */,
				1CEC12EA23E47F2A001391BF /* Products */,
			);
			sourceTree = "<group>";
		};
		1CEC12EA23E47F2A001391BF /* Products */ = {
			isa = PBXGroup;
			children = (
				1CEC12E923E47F2A001391BF /* iDine.app */,
				1CEC12FF23E47F2C001391BF /* iDineTests.xctest */,
				1CEC130A23E47F2C001391BF /* iDineUITests.xctest */,
			);
			name = Products;
			sourceTree = "<group>";
		};
		1CEC12EB23E47F2A001391BF /* iDine */ = {
			isa = PBXGroup;
			children = (
				1CEC12EC23E47F2A001391BF /* AppDelegate.swift */,
				1CEC12EE23E47F2A001391BF /* SceneDelegate.swift */,
				1CEC12F023E47F2A001391BF /* ContentView.swift */,
				1CEC12F223E47F2B001391BF /* Assets.xcassets */,
				1CEC12F723E47F2B001391BF /* LaunchScreen.storyboard */,
				1CEC12FA23E47F2B001391BF /* Info.plist */,
				1CEC131E23E48019001391BF /* Menu.swift */,
				1CEC131F23E48019001391BF /* Order.swift */,
				1CEC132223E4803E001391BF /* menu.json */,
				1CEC131C23E47FD2001391BF /* Helper.swift */,
				1CEC12F423E47F2B001391BF /* Preview Content */,
			);
			path = iDine;
			sourceTree = "<group>";
		};
		1CEC12F423E47F2B001391BF /* Preview Content */ = {
			isa = PBXGroup;
			children = (
				1CEC12F523E47F2B001391BF /* Preview Assets.xcassets */,
			);
			path = "Preview Content";
			sourceTree = "<group>";
		};
		1CEC130223E47F2C001391BF /* iDineTests */ = {
			isa = PBXGroup;
			children = (
				1CEC130323E47F2C001391BF /* iDineTests.swift */,
				1CEC130523E47F2C001391BF /* Info.plist */,
			);
			path = iDineTests;
			sourceTree = "<group>";
		};
		1CEC130D23E47F2C001391BF /* iDineUITests */ = {
			isa = PBXGroup;
			children = (
				1CEC130E23E47F2C001391BF /* iDineUITests.swift */,
				1CEC131023E47F2C001391BF /* Info.plist */,
			);
			path = iDineUITests;
			sourceTree = "<group>";
		};
/* End PBXGroup section */

/* Begin PBXNativeTarget section */
		1CEC12E823E47F2A001391BF /* iDine */ = {
			isa = PBXNativeTarget;
			buildConfigurationList = 1CEC131323E47F2C001391BF /* Build configuration list for PBXNativeTarget "iDine" */;
			buildPhases = (
				1CEC12E523E47F2A001391BF /* Sources */,
				1CEC12E623E47F2A001391BF /* Frameworks */,
				1CEC12E723E47F2A001391BF /* Resources */,
			);
			buildRules = (
			);
			dependencies = (
			);
			name = iDine;
			productName = iDine;
			productReference = 1CEC12E923E47F2A001391BF /* iDine.app */;
			productType = "com.apple.product-type.application";
		};
		1CEC12FE23E47F2C001391BF /* iDineTests */ = {
			isa = PBXNativeTarget;
			buildConfigurationList = 1CEC131623E47F2C001391BF /* Build configuration list for PBXNativeTarget "iDineTests" */;
			buildPhases = (
				1CEC12FB23E47F2C001391BF /* Sources */,
				1CEC12FC23E47F2C001391BF /* Frameworks */,
				1CEC12FD23E47F2C001391BF /* Resources */,
			);
			buildRules = (
			);
			dependencies = (
				1CEC130123E47F2C001391BF /* PBXTargetDependency */,
			);
			name = iDineTests;
			productName = iDineTests;
			productReference = 1CEC12FF23E47F2C001391BF /* iDineTests.xctest */;
			productType = "com.apple.product-type.bundle.unit-test";
		};
		1CEC130923E47F2C001391BF /* iDineUITests */ = {
			isa = PBXNativeTarget;
			buildConfigurationList = 1CEC131923E47F2C001391BF /* Build configuration list for PBXNativeTarget "iDineUITests" */;
			buildPhases = (
				1CEC130623E47F2C001391BF /* Sources */,
				1CEC130723E47F2C001391BF /* Frameworks */,
				1CEC130823E47F2C001391BF /* Resources */,
			);
			buildRules = (
			);
			dependencies = (
				1CEC130C23E47F2C001391BF /* PBXTargetDependency */,
			);
			name = iDineUITests;
			productName = iDineUITests;
			productReference = 1CEC130A23E47F2C001391BF /* iDineUITests.xctest */;
			productType = "com.apple.product-type.bundle.ui-testing";
		};
/* End PBXNativeTarget section */

/* Begin PBXProject section */
		1CEC12E123E47F2A001391BF /* Project object */ = {
			isa = PBXProject;
			attributes = {
				LastSwiftUpdateCheck = 1130;
				LastUpgradeCheck = 1130;
				ORGANIZATIONNAME = "Nathan Hynes";
				TargetAttributes = {
					1CEC12E823E47F2A001391BF = {
						CreatedOnToolsVersion = 11.3.1;
					};
					1CEC12FE23E47F2C001391BF = {
						CreatedOnToolsVersion = 11.3.1;
						TestTargetID = 1CEC12E823E47F2A001391BF;
					};
					1CEC130923E47F2C001391BF = {
						CreatedOnToolsVersion = 11.3.1;
						TestTargetID = 1CEC12E823E47F2A001391BF;
					};
				};
			};
			buildConfigurationList = 1CEC12E423E47F2A001391BF /* Build configuration list for PBXProject "iDine" */;
			compatibilityVersion = "Xcode 9.3";
			developmentRegion = en;
			hasScannedForEncodings = 0;
			knownRegions = (
				en,
				Base,
			);
			mainGroup = 1CEC12E023E47F2A001391BF;
			productRefGroup = 1CEC12EA23E47F2A001391BF /* Products */;
			projectDirPath = "";
			projectRoot = "";
			targets = (
				1CEC12E823E47F2A001391BF /* iDine */,
				1CEC12FE23E47F2C001391BF /* iDineTests */,
				1CEC130923E47F2C001391BF /* iDineUITests */,
			);
		};
/* End PBXProject section */

/* Begin PBXResourcesBuildPhase section */
		1CEC12E723E47F2A001391BF /* Resources */ = {
			isa = PBXResourcesBuildPhase;
			buildActionMask = 2147483647;
			files = (
				1CEC12F923E47F2B001391BF /* LaunchScreen.storyboard in Resources */,
				1CEC12F623E47F2B001391BF /* Preview Assets.xcassets in Resources */,
				1CEC132323E4803E001391BF /* menu.json in Resources */,
				1CEC12F323E47F2B001391BF /* Assets.xcassets in Resources */,
			);
			runOnlyForDeploymentPostprocessing = 0;
		};
		1CEC12FD23E47F2C001391BF /* Resources */ = {
			isa = PBXResourcesBuildPhase;
			buildActionMask = 2147483647;
			files = (
			);
			runOnlyForDeploymentPostprocessing = 0;
		};
		1CEC130823E47F2C001391BF /* Resources */ = {
			isa = PBXResourcesBuildPhase;
			buildActionMask = 2147483647;
			files = (
			);
			runOnlyForDeploymentPostprocessing = 0;
		};
/* End PBXResourcesBuildPhase section */

/* Begin PBXSourcesBuildPhase section */
		1CEC12E523E47F2A001391BF /* Sources */ = {
			isa = PBXSourcesBuildPhase;
			buildActionMask = 2147483647;
			files = (
				1CEC132123E48019001391BF /* Order.swift in Sources */,
				1CEC12ED23E47F2A001391BF /* AppDelegate.swift in Sources */,
				1CEC12EF23E47F2A001391BF /* SceneDelegate.swift in Sources */,
				1CEC12F123E47F2A001391BF /* ContentView.swift in Sources */,
				1CEC131D23E47FD2001391BF /* Helper.swift in Sources */,
				1CEC132023E48019001391BF /* Menu.swift in Sources */,
			);
			runOnlyForDeploymentPostprocessing = 0;
		};
		1CEC12FB23E47F2C001391BF /* Sources */ = {
			isa = PBXSourcesBuildPhase;
			buildActionMask = 2147483647;
			files = (
				1CEC130423E47F2C001391BF /* iDineTests.swift in Sources */,
			);
			runOnlyForDeploymentPostprocessing = 0;
		};
		1CEC130623E47F2C001391BF /* Sources */ = {
			isa = PBXSourcesBuildPhase;
			buildActionMask = 2147483647;
			files = (
				1CEC130F23E47F2C001391BF /* iDineUITests.swift in Sources */,
			);
			runOnlyForDeploymentPostprocessing = 0;
		};
/* End PBXSourcesBuildPhase section */

/* Begin PBXTargetDependency section */
		1CEC130123E47F2C001391BF /* PBXTargetDependency */ = {
			isa = PBXTargetDependency;
			target = 1CEC12E823E47F2A001391BF /* iDine */;
			targetProxy = 1CEC130023E47F2C001391BF /* PBXContainerItemProxy */;
		};
		1CEC130C23E47F2C001391BF /* PBXTargetDependency */ = {
			isa = PBXTargetDependency;
			target = 1CEC12E823E47F2A001391BF /* iDine */;
			targetProxy = 1CEC130B23E47F2C001391BF /* PBXContainerItemProxy */;
		};
/* End PBXTargetDependency section */

/* Begin PBXVariantGroup section */
		1CEC12F723E47F2B001391BF /* LaunchScreen.storyboard */ = {
			isa = PBXVariantGroup;
			children = (
				1CEC12F823E47F2B001391BF /* Base */,
			);
			name = LaunchScreen.storyboard;
			sourceTree = "<group>";
		};
/* End PBXVariantGroup section */

/* Begin XCBuildConfiguration section */
		1CEC131123E47F2C001391BF /* Debug */ = {
			isa = XCBuildConfiguration;
			buildSettings = {
				ALWAYS_SEARCH_USER_PATHS = NO;
				CLANG_ANALYZER_NONNULL = YES;
				CLANG_ANALYZER_NUMBER_OBJECT_CONVERSION = YES_AGGRESSIVE;
				CLANG_CXX_LANGUAGE_STANDARD = "gnu++14";
				CLANG_CXX_LIBRARY = "libc++";
				CLANG_ENABLE_MODULES = YES;
				CLANG_ENABLE_OBJC_ARC = YES;
				CLANG_ENABLE_OBJC_WEAK = YES;
				CLANG_WARN_BLOCK_CAPTURE_AUTORELEASING = YES;
				CLANG_WARN_BOOL_CONVERSION = YES;
				CLANG_WARN_COMMA = YES;
				CLANG_WARN_CONSTANT_CONVERSION = YES;
				CLANG_WARN_DEPRECATED_OBJC_IMPLEMENTATIONS = YES;
				CLANG_WARN_DIRECT_OBJC_ISA_USAGE = YES_ERROR;
				CLANG_WARN_DOCUMENTATION_COMMENTS = YES;
				CLANG_WARN_EMPTY_BODY = YES;
				CLANG_WARN_ENUM_CONVERSION = YES;
				CLANG_WARN_INFINITE_RECURSION = YES;
				CLANG_WARN_INT_CONVERSION = YES;
				CLANG_WARN_NON_LITERAL_NULL_CONVERSION = YES;
				CLANG_WARN_OBJC_IMPLICIT_RETAIN_SELF = YES;
				CLANG_WARN_OBJC_LITERAL_CONVERSION = YES;
				CLANG_WARN_OBJC_ROOT_CLASS = YES_ERROR;
				CLANG_WARN_RANGE_LOOP_ANALYSIS = YES;
				CLANG_WARN_STRICT_PROTOTYPES = YES;
				CLANG_WARN_SUSPICIOUS_MOVE = YES;
				CLANG_WARN_UNGUARDED_AVAILABILITY = YES_AGGRESSIVE;
				CLANG_WARN_UNREACHABLE_CODE = YES;
				CLANG_WARN__DUPLICATE_METHOD_MATCH = YES;
				COPY_PHASE_STRIP = NO;
				DEBUG_INFORMATION_FORMAT = dwarf;
				ENABLE_STRICT_OBJC_MSGSEND = YES;
				ENABLE_TESTABILITY = YES;
				GCC_C_LANGUAGE_STANDARD = gnu11;
				GCC_DYNAMIC_NO_PIC = NO;
				GCC_NO_COMMON_BLOCKS = YES;
				GCC_OPTIMIZATION_LEVEL = 0;
				GCC_PREPROCESSOR_DEFINITIONS = (
					"DEBUG=1",
					"$(inherited)",
				);
				GCC_WARN_64_TO_32_BIT_CONVERSION = YES;
				GCC_WARN_ABOUT_RETURN_TYPE = YES_ERROR;
				GCC_WARN_UNDECLARED_SELECTOR = YES;
				GCC_WARN_UNINITIALIZED_AUTOS = YES_AGGRESSIVE;
				GCC_WARN_UNUSED_FUNCTION = YES;
				GCC_WARN_UNUSED_VARIABLE = YES;
				IPHONEOS_DEPLOYMENT_TARGET = 13.2;
				MTL_ENABLE_DEBUG_INFO = INCLUDE_SOURCE;
				MTL_FAST_MATH = YES;
				ONLY_ACTIVE_ARCH = YES;
				SDKROOT = iphoneos;
				SWIFT_ACTIVE_COMPILATION_CONDITIONS = DEBUG;
				SWIFT_OPTIMIZATION_LEVEL = "-Onone";
			};
			name = Debug;
		};
		1CEC131223E47F2C001391BF /* Release */ = {
			isa = XCBuildConfiguration;
			buildSettings = {
				ALWAYS_SEARCH_USER_PATHS = NO;
				CLANG_ANALYZER_NONNULL = YES;
				CLANG_ANALYZER_NUMBER_OBJECT_CONVERSION = YES_AGGRESSIVE;
				CLANG_CXX_LANGUAGE_STANDARD = "gnu++14";
				CLANG_CXX_LIBRARY = "libc++";
				CLANG_ENABLE_MODULES = YES;
				CLANG_ENABLE_OBJC_ARC = YES;
				CLANG_ENABLE_OBJC_WEAK = YES;
				CLANG_WARN_BLOCK_CAPTURE_AUTORELEASING = YES;
				CLANG_WARN_BOOL_CONVERSION = YES;
				CLANG_WARN_COMMA = YES;
				CLANG_WARN_CONSTANT_CONVERSION = YES;
				CLANG_WARN_DEPRECATED_OBJC_IMPLEMENTATIONS = YES;
				CLANG_WARN_DIRECT_OBJC_ISA_USAGE = YES_ERROR;
				CLANG_WARN_DOCUMENTATION_COMMENTS = YES;
				CLANG_WARN_EMPTY_BODY = YES;
				CLANG_WARN_ENUM_CONVERSION = YES;
				CLANG_WARN_INFINITE_RECURSION = YES;
				CLANG_WARN_INT_CONVERSION = YES;
				CLANG_WARN_NON_LITERAL_NULL_CONVERSION = YES;
				CLANG_WARN_OBJC_IMPLICIT_RETAIN_SELF = YES;
				CLANG_WARN_OBJC_LITERAL_CONVERSION = YES;
				CLANG_WARN_OBJC_ROOT_CLASS = YES_ERROR;
				CLANG_WARN_RANGE_LOOP_ANALYSIS = YES;
				CLANG_WARN_STRICT_PROTOTYPES = YES;
				CLANG_WARN_SUSPICIOUS_MOVE = YES;
				CLANG_WARN_UNGUARDED_AVAILABILITY = YES_AGGRESSIVE;
				CLANG_WARN_UNREACHABLE_CODE = YES;
				CLANG_WARN__DUPLICATE_METHOD_MATCH = YES;
				COPY_PHASE_STRIP = NO;
				DEBUG_INFORMATION_FORMAT = "dwarf-with-dsym";
				ENABLE_NS_ASSERTIONS = NO;
				ENABLE_STRICT_OBJC_MSGSEND = YES;
				GCC_C_LANGUAGE_STANDARD = gnu11;
				GCC_NO_COMMON_BLOCKS = YES;
				GCC_WARN_64_TO_32_BIT_CONVERSION = YES;
				GCC_WARN_ABOUT_RETURN_TYPE = YES_ERROR;
				GCC_WARN_UNDECLARED_SELECTOR = YES;
				GCC_WARN_UNINITIALIZED_AUTOS = YES_AGGRESSIVE;
				GCC_WARN_UNUSED_FUNCTION = YES;
				GCC_WARN_UNUSED_VARIABLE = YES;
				IPHONEOS_DEPLOYMENT_TARGET = 13.2;
				MTL_ENABLE_DEBUG_INFO = NO;
				MTL_FAST_MATH = YES;
				SDKROOT = iphoneos;
				SWIFT_COMPILATION_MODE = wholemodule;
				SWIFT_OPTIMIZATION_LEVEL = "-O";
				VALIDATE_PRODUCT = YES;
			};
			name = Release;
		};
		1CEC131423E47F2C001391BF /* Debug */ = {
			isa = XCBuildConfiguration;
			buildSettings = {
				ASSETCATALOG_COMPILER_APPICON_NAME = AppIcon;
				CODE_SIGN_STYLE = Automatic;
				DEVELOPMENT_ASSET_PATHS = "\"iDine/Preview Content\"";
				DEVELOPMENT_TEAM = U9YH7PH6P6;
				ENABLE_PREVIEWS = YES;
				INFOPLIST_FILE = iDine/Info.plist;
				LD_RUNPATH_SEARCH_PATHS = (
					"$(inherited)",
					"@executable_path/Frameworks",
				);
				PRODUCT_BUNDLE_IDENTIFIER = Nathan.iDine;
				PRODUCT_NAME = "$(TARGET_NAME)";
				SWIFT_VERSION = 5.0;
				TARGETED_DEVICE_FAMILY = "1,2";
			};
			name = Debug;
		};
		1CEC131523E47F2C001391BF /* Release */ = {
			isa = XCBuildConfiguration;
			buildSettings = {
				ASSETCATALOG_COMPILER_APPICON_NAME = AppIcon;
				CODE_SIGN_STYLE = Automatic;
				DEVELOPMENT_ASSET_PATHS = "\"iDine/Preview Content\"";
				DEVELOPMENT_TEAM = U9YH7PH6P6;
				ENABLE_PREVIEWS = YES;
				INFOPLIST_FILE = iDine/Info.plist;
				LD_RUNPATH_SEARCH_PATHS = (
					"$(inherited)",
					"@executable_path/Frameworks",
				);
				PRODUCT_BUNDLE_IDENTIFIER = Nathan.iDine;
				PRODUCT_NAME = "$(TARGET_NAME)";
				SWIFT_VERSION = 5.0;
				TARGETED_DEVICE_FAMILY = "1,2";
			};
			name = Release;
		};
		1CEC131723E47F2C001391BF /* Debug */ = {
			isa = XCBuildConfiguration;
			buildSettings = {
				ALWAYS_EMBED_SWIFT_STANDARD_LIBRARIES = YES;
				BUNDLE_LOADER = "$(TEST_HOST)";
				CODE_SIGN_STYLE = Automatic;
				DEVELOPMENT_TEAM = U9YH7PH6P6;
				INFOPLIST_FILE = iDineTests/Info.plist;
				IPHONEOS_DEPLOYMENT_TARGET = 13.2;
				LD_RUNPATH_SEARCH_PATHS = (
					"$(inherited)",
					"@executable_path/Frameworks",
					"@loader_path/Frameworks",
				);
				PRODUCT_BUNDLE_IDENTIFIER = Nathan.iDineTests;
				PRODUCT_NAME = "$(TARGET_NAME)";
				SWIFT_VERSION = 5.0;
				TARGETED_DEVICE_FAMILY = "1,2";
				TEST_HOST = "$(BUILT_PRODUCTS_DIR)/iDine.app/iDine";
			};
			name = Debug;
		};
		1CEC131823E47F2C001391BF /* Release */ = {
			isa = XCBuildConfiguration;
			buildSettings = {
				ALWAYS_EMBED_SWIFT_STANDARD_LIBRARIES = YES;
				BUNDLE_LOADER = "$(TEST_HOST)";
				CODE_SIGN_STYLE = Automatic;
				DEVELOPMENT_TEAM = U9YH7PH6P6;
				INFOPLIST_FILE = iDineTests/Info.plist;
				IPHONEOS_DEPLOYMENT_TARGET = 13.2;
				LD_RUNPATH_SEARCH_PATHS = (
					"$(inherited)",
					"@executable_path/Frameworks",
					"@loader_path/Frameworks",
				);
				PRODUCT_BUNDLE_IDENTIFIER = Nathan.iDineTests;
				PRODUCT_NAME = "$(TARGET_NAME)";
				SWIFT_VERSION = 5.0;
				TARGETED_DEVICE_FAMILY = "1,2";
				TEST_HOST = "$(BUILT_PRODUCTS_DIR)/iDine.app/iDine";
			};
			name = Release;
		};
		1CEC131A23E47F2C001391BF /* Debug */ = {
			isa = XCBuildConfiguration;
			buildSettings = {
				ALWAYS_EMBED_SWIFT_STANDARD_LIBRARIES = YES;
				CODE_SIGN_STYLE = Automatic;
				DEVELOPMENT_TEAM = U9YH7PH6P6;
				INFOPLIST_FILE = iDineUITests/Info.plist;
				LD_RUNPATH_SEARCH_PATHS = (
					"$(inherited)",
					"@executable_path/Frameworks",
					"@loader_path/Frameworks",
				);
				PRODUCT_BUNDLE_IDENTIFIER = Nathan.iDineUITests;
				PRODUCT_NAME = "$(TARGET_NAME)";
				SWIFT_VERSION = 5.0;
				TARGETED_DEVICE_FAMILY = "1,2";
				TEST_TARGET_NAME = iDine;
			};
			name = Debug;
		};
		1CEC131B23E47F2C001391BF /* Release */ = {
			isa = XCBuildConfiguration;
			buildSettings = {
				ALWAYS_EMBED_SWIFT_STANDARD_LIBRARIES = YES;
				CODE_SIGN_STYLE = Automatic;
				DEVELOPMENT_TEAM = U9YH7PH6P6;
				INFOPLIST_FILE = iDineUITests/Info.plist;
				LD_RUNPATH_SEARCH_PATHS = (
					"$(inherited)",
					"@executable_path/Frameworks",
					"@loader_path/Frameworks",
				);
				PRODUCT_BUNDLE_IDENTIFIER = Nathan.iDineUITests;
				PRODUCT_NAME = "$(TARGET_NAME)";
				SWIFT_VERSION = 5.0;
				TARGETED_DEVICE_FAMILY = "1,2";
				TEST_TARGET_NAME = iDine;
			};
			name = Release;
		};
/* End XCBuildConfiguration section */

/* Begin XCConfigurationList section */
		1CEC12E423E47F2A001391BF /* Build configuration list for PBXProject "iDine" */ = {
			isa = XCConfigurationList;
			buildConfigurations = (
				1CEC131123E47F2C001391BF /* Debug */,
				1CEC131223E47F2C001391BF /* Release */,
			);
			defaultConfigurationIsVisible = 0;
			defaultConfigurationName = Release;
		};
		1CEC131323E47F2C001391BF /* Build configuration list for PBXNativeTarget "iDine" */ = {
			isa = XCConfigurationList;
			buildConfigurations = (
				1CEC131423E47F2C001391BF /* Debug */,
				1CEC131523E47F2C001391BF /* Release */,
			);
			defaultConfigurationIsVisible = 0;
			defaultConfigurationName = Release;
		};
		1CEC131623E47F2C001391BF /* Build configuration list for PBXNativeTarget "iDineTests" */ = {
			isa = XCConfigurationList;
			buildConfigurations = (
				1CEC131723E47F2C001391BF /* Debug */,
				1CEC131823E47F2C001391BF /* Release */,
			);
			defaultConfigurationIsVisible = 0;
			defaultConfigurationName = Release;
		};
		1CEC131923E47F2C001391BF /* Build configuration list for PBXNativeTarget "iDineUITests" */ = {
			isa = XCConfigurationList;
			buildConfigurations = (
				1CEC131A23E47F2C001391BF /* Debug */,
				1CEC131B23E47F2C001391BF /* Release */,
			);
			defaultConfigurationIsVisible = 0;
			defaultConfigurationName = Release;
		};
/* End XCConfigurationList section */
	};
	rootObject = 1CEC12E123E47F2A001391BF /* Project object */;
}
